
Microsoft Visual Studio Solution File, Format Version 11.00
# Visual Studio 2010
Project("{FAE04EC0-301F-11D3-BF4B-00C04F79EFBC}") = "Assembly-CSharp", "Assembly-CSharp.csproj", "{b1896369-523f-79ba-4cda-58b829f8dd84}"
EndProject
Project("{FAE04EC0-301F-11D3-BF4B-00C04F79EFBC}") = "Assembly-CSharp-Editor", "Assembly-CSharp-Editor.csproj", "{091fc5cf-439d-6da5-bb3e-42bd65e25b6c}"
EndProject
Global
	GlobalSection(SolutionConfigurationPlatforms) = preSolution
		Debug|Any CPU = Debug|Any CPU
	EndGlobalSection
	GlobalSection(ProjectConfigurationPlatforms) = postSolution
		{b1896369-523f-79ba-4cda-58b829f8dd84}.Debug|Any CPU.ActiveCfg = Debug|Any CPU
		{b1896369-523f-79ba-4cda-58b829f8dd84}.Debug|Any CPU.Build.0 = Debug|Any CPU
		{091fc5cf-439d-6da5-bb3e-42bd65e25b6c}.Debug|Any CPU.ActiveCfg = Debug|Any CPU
		{091fc5cf-439d-6da5-bb3e-42bd65e25b6c}.Debug|Any CPU.Build.0 = Debug|Any CPU
	EndGlobalSection
	GlobalSection(SolutionProperties) = preSolution
		HideSolutionNode = FALSE
	EndGlobalSection
EndGlobal
